// !$*UTF8*$!
{
	archiveVersion = 1;
	classes = {
	};
	objectVersion = 56;
	objects = {

/* Begin PBXBuildFile section */
		AD5E06EC2C0E9AC7001C8CD3 /* Liftlist_App.swift in Sources */ = {isa = PBXBuildFile; fileRef = AD5E06EB2C0E9AC7001C8CD3 /* Liftlist_App.swift */; };
		AD5E06EE2C0E9AC7001C8CD3 /* ContentView.swift in Sources */ = {isa = PBXBuildFile; fileRef = AD5E06ED2C0E9AC7001C8CD3 /* ContentView.swift */; };
		AD5E06F02C0E9AC9001C8CD3 /* Assets.xcassets in Resources */ = {isa = PBXBuildFile; fileRef = AD5E06EF2C0E9AC9001C8CD3 /* Assets.xcassets */; };
		AD5E06F32C0E9AC9001C8CD3 /* Preview Assets.xcassets in Resources */ = {isa = PBXBuildFile; fileRef = AD5E06F22C0E9AC9001C8CD3 /* Preview Assets.xcassets */; };
		AD5E06FD2C0E9AC9001C8CD3 /* Liftlist_Tests.swift in Sources */ = {isa = PBXBuildFile; fileRef = AD5E06FC2C0E9AC9001C8CD3 /* Liftlist_Tests.swift */; };
		AD5E07072C0E9AC9001C8CD3 /* Liftlist_UITests.swift in Sources */ = {isa = PBXBuildFile; fileRef = AD5E07062C0E9AC9001C8CD3 /* Liftlist_UITests.swift */; };
		AD5E07092C0E9AC9001C8CD3 /* Liftlist_UITestsLaunchTests.swift in Sources */ = {isa = PBXBuildFile; fileRef = AD5E07082C0E9AC9001C8CD3 /* Liftlist_UITestsLaunchTests.swift */; };
/* End PBXBuildFile section */

/* Begin PBXContainerItemProxy section */
		AD5E06F92C0E9AC9001C8CD3 /* PBXContainerItemProxy */ = {
			isa = PBXContainerItemProxy;
			containerPortal = AD5E06E02C0E9AC7001C8CD3 /* Project object */;
			proxyType = 1;
			remoteGlobalIDString = AD5E06E72C0E9AC7001C8CD3;
			remoteInfo = Liftlist.;
		};
		AD5E07032C0E9AC9001C8CD3 /* PBXContainerItemProxy */ = {
			isa = PBXContainerItemProxy;
			containerPortal = AD5E06E02C0E9AC7001C8CD3 /* Project object */;
			proxyType = 1;
			remoteGlobalIDString = AD5E06E72C0E9AC7001C8CD3;
			remoteInfo = Liftlist.;
		};
/* End PBXContainerItemProxy section */

/* Begin PBXFileReference section */
		AD5E06E82C0E9AC7001C8CD3 /* Liftlist..app */ = {isa = PBXFileReference; explicitFileType = wrapper.application; includeInIndex = 0; path = Liftlist..app; sourceTree = BUILT_PRODUCTS_DIR; };
		AD5E06EB2C0E9AC7001C8CD3 /* Liftlist_App.swift */ = {isa = PBXFileReference; lastKnownFileType = sourcecode.swift; path = Liftlist_App.swift; sourceTree = "<group>"; };
		AD5E06ED2C0E9AC7001C8CD3 /* ContentView.swift */ = {isa = PBXFileReference; lastKnownFileType = sourcecode.swift; path = ContentView.swift; sourceTree = "<group>"; };
		AD5E06EF2C0E9AC9001C8CD3 /* Assets.xcassets */ = {isa = PBXFileReference; lastKnownFileType = folder.assetcatalog; path = Assets.xcassets; sourceTree = "<group>"; };
		AD5E06F22C0E9AC9001C8CD3 /* Preview Assets.xcassets */ = {isa = PBXFileReference; lastKnownFileType = folder.assetcatalog; path = "Preview Assets.xcassets"; sourceTree = "<group>"; };
		AD5E06F82C0E9AC9001C8CD3 /* Liftlist.Tests.xctest */ = {isa = PBXFileReference; explicitFileType = wrapper.cfbundle; includeInIndex = 0; path = Liftlist.Tests.xctest; sourceTree = BUILT_PRODUCTS_DIR; };
		AD5E06FC2C0E9AC9001C8CD3 /* Liftlist_Tests.swift */ = {isa = PBXFileReference; lastKnownFileType = sourcecode.swift; path = Liftlist_Tests.swift; sourceTree = "<group>"; };
		AD5E07022C0E9AC9001C8CD3 /* Liftlist.UITests.xctest */ = {isa = PBXFileReference; explicitFileType = wrapper.cfbundle; includeInIndex = 0; path = Liftlist.UITests.xctest; sourceTree = BUILT_PRODUCTS_DIR; };
		AD5E07062C0E9AC9001C8CD3 /* Liftlist_UITests.swift */ = {isa = PBXFileReference; lastKnownFileType = sourcecode.swift; path = Liftlist_UITests.swift; sourceTree = "<group>"; };
		AD5E07082C0E9AC9001C8CD3 /* Liftlist_UITestsLaunchTests.swift */ = {isa = PBXFileReference; lastKnownFileType = sourcecode.swift; path = Liftlist_UITestsLaunchTests.swift; sourceTree = "<group>"; };
/* End PBXFileReference section */

/* Begin PBXFrameworksBuildPhase section */
		AD5E06E52C0E9AC7001C8CD3 /* Frameworks */ = {
			isa = PBXFrameworksBuildPhase;
			buildActionMask = 2147483647;
			files = (
			);
			runOnlyForDeploymentPostprocessing = 0;
		};
		AD5E06F52C0E9AC9001C8CD3 /* Frameworks */ = {
			isa = PBXFrameworksBuildPhase;
			buildActionMask = 2147483647;
			files = (
			);
			runOnlyForDeploymentPostprocessing = 0;
		};
		AD5E06FF2C0E9AC9001C8CD3 /* Frameworks */ = {
			isa = PBXFrameworksBuildPhase;
			buildActionMask = 2147483647;
			files = (
			);
			runOnlyForDeploymentPostprocessing = 0;
		};
/* End PBXFrameworksBuildPhase section */

/* Begin PBXGroup section */
		AD5E06DF2C0E9AC7001C8CD3 = {
			isa = PBXGroup;
			children = (
				AD5E06EA2C0E9AC7001C8CD3 /* Liftlist. */,
				AD5E06FB2C0E9AC9001C8CD3 /* Liftlist.Tests */,
				AD5E07052C0E9AC9001C8CD3 /* Liftlist.UITests */,
				AD5E06E92C0E9AC7001C8CD3 /* Products */,
			);
			sourceTree = "<group>";
		};
		AD5E06E92C0E9AC7001C8CD3 /* Products */ = {
			isa = PBXGroup;
			children = (
				AD5E06E82C0E9AC7001C8CD3 /* Liftlist..app */,
				AD5E06F82C0E9AC9001C8CD3 /* Liftlist.Tests.xctest */,
				AD5E07022C0E9AC9001C8CD3 /* Liftlist.UITests.xctest */,
			);
			name = Products;
			sourceTree = "<group>";
		};
		AD5E06EA2C0E9AC7001C8CD3 /* Liftlist. */ = {
			isa = PBXGroup;
			children = (
				AD5E06EB2C0E9AC7001C8CD3 /* Liftlist_App.swift */,
				AD5E06ED2C0E9AC7001C8CD3 /* ContentView.swift */,
				AD5E06EF2C0E9AC9001C8CD3 /* Assets.xcassets */,
				AD5E06F12C0E9AC9001C8CD3 /* Preview Content */,
			);
			path = Liftlist.;
			sourceTree = "<group>";
		};
		AD5E06F12C0E9AC9001C8CD3 /* Preview Content */ = {
			isa = PBXGroup;
			children = (
				AD5E06F22C0E9AC9001C8CD3 /* Preview Assets.xcassets */,
			);
			path = "Preview Content";
			sourceTree = "<group>";
		};
		AD5E06FB2C0E9AC9001C8CD3 /* Liftlist.Tests */ = {
			isa = PBXGroup;
			children = (
				AD5E06FC2C0E9AC9001C8CD3 /* Liftlist_Tests.swift */,
			);
			path = Liftlist.Tests;
			sourceTree = "<group>";
		};
		AD5E07052C0E9AC9001C8CD3 /* Liftlist.UITests */ = {
			isa = PBXGroup;
			children = (
				AD5E07062C0E9AC9001C8CD3 /* Liftlist_UITests.swift */,
				AD5E07082C0E9AC9001C8CD3 /* Liftlist_UITestsLaunchTests.swift */,
			);
			path = Liftlist.UITests;
			sourceTree = "<group>";
		};
/* End PBXGroup section */

/* Begin PBXNativeTarget section */
		AD5E06E72C0E9AC7001C8CD3 /* Liftlist. */ = {
			isa = PBXNativeTarget;
			buildConfigurationList = AD5E070C2C0E9AC9001C8CD3 /* Build configuration list for PBXNativeTarget "Liftlist." */;
			buildPhases = (
				AD5E06E42C0E9AC7001C8CD3 /* Sources */,
				AD5E06E52C0E9AC7001C8CD3 /* Frameworks */,
				AD5E06E62C0E9AC7001C8CD3 /* Resources */,
			);
			buildRules = (
			);
			dependencies = (
			);
			name = Liftlist.;
			productName = Liftlist.;
			productReference = AD5E06E82C0E9AC7001C8CD3 /* Liftlist..app */;
			productType = "com.apple.product-type.application";
		};
		AD5E06F72C0E9AC9001C8CD3 /* Liftlist.Tests */ = {
			isa = PBXNativeTarget;
			buildConfigurationList = AD5E070F2C0E9AC9001C8CD3 /* Build configuration list for PBXNativeTarget "Liftlist.Tests" */;
			buildPhases = (
				AD5E06F42C0E9AC9001C8CD3 /* Sources */,
				AD5E06F52C0E9AC9001C8CD3 /* Frameworks */,
				AD5E06F62C0E9AC9001C8CD3 /* Resources */,
			);
			buildRules = (
			);
			dependencies = (
				AD5E06FA2C0E9AC9001C8CD3 /* PBXTargetDependency */,
			);
			name = Liftlist.Tests;
			productName = Liftlist.Tests;
			productReference = AD5E06F82C0E9AC9001C8CD3 /* Liftlist.Tests.xctest */;
			productType = "com.apple.product-type.bundle.unit-test";
		};
		AD5E07012C0E9AC9001C8CD3 /* Liftlist.UITests */ = {
			isa = PBXNativeTarget;
			buildConfigurationList = AD5E07122C0E9AC9001C8CD3 /* Build configuration list for PBXNativeTarget "Liftlist.UITests" */;
			buildPhases = (
				AD5E06FE2C0E9AC9001C8CD3 /* Sources */,
				AD5E06FF2C0E9AC9001C8CD3 /* Frameworks */,
				AD5E07002C0E9AC9001C8CD3 /* Resources */,
			);
			buildRules = (
			);
			dependencies = (
				AD5E07042C0E9AC9001C8CD3 /* PBXTargetDependency */,
			);
			name = Liftlist.UITests;
			productName = Liftlist.UITests;
			productReference = AD5E07022C0E9AC9001C8CD3 /* Liftlist.UITests.xctest */;
			productType = "com.apple.product-type.bundle.ui-testing";
		};
/* End PBXNativeTarget section */

/* Begin PBXProject section */
		AD5E06E02C0E9AC7001C8CD3 /* Project object */ = {
			isa = PBXProject;
			attributes = {
				BuildIndependentTargetsInParallel = 1;
				LastSwiftUpdateCheck = 1530;
				LastUpgradeCheck = 1530;
				TargetAttributes = {
					AD5E06E72C0E9AC7001C8CD3 = {
						CreatedOnToolsVersion = 15.3;
					};
					AD5E06F72C0E9AC9001C8CD3 = {
						CreatedOnToolsVersion = 15.3;
						TestTargetID = AD5E06E72C0E9AC7001C8CD3;
					};
					AD5E07012C0E9AC9001C8CD3 = {
						CreatedOnToolsVersion = 15.3;
						TestTargetID = AD5E06E72C0E9AC7001C8CD3;
					};
				};
			};
			buildConfigurationList = AD5E06E32C0E9AC7001C8CD3 /* Build configuration list for PBXProject "Liftlist." */;
			compatibilityVersion = "Xcode 14.0";
			developmentRegion = en;
			hasScannedForEncodings = 0;
			knownRegions = (
				en,
				Base,
			);
			mainGroup = AD5E06DF2C0E9AC7001C8CD3;
			productRefGroup = AD5E06E92C0E9AC7001C8CD3 /* Products */;
			projectDirPath = "";
			projectRoot = "";
			targets = (
				AD5E06E72C0E9AC7001C8CD3 /* Liftlist. */,
				AD5E06F72C0E9AC9001C8CD3 /* Liftlist.Tests */,
				AD5E07012C0E9AC9001C8CD3 /* Liftlist.UITests */,
			);
		};
/* End PBXProject section */

/* Begin PBXResourcesBuildPhase section */
		AD5E06E62C0E9AC7001C8CD3 /* Resources */ = {
			isa = PBXResourcesBuildPhase;
			buildActionMask = 2147483647;
			files = (
				AD5E06F32C0E9AC9001C8CD3 /* Preview Assets.xcassets in Resources */,
				AD5E06F02C0E9AC9001C8CD3 /* Assets.xcassets in Resources */,
			);
			runOnlyForDeploymentPostprocessing = 0;
		};
		AD5E06F62C0E9AC9001C8CD3 /* Resources */ = {
			isa = PBXResourcesBuildPhase;
			buildActionMask = 2147483647;
			files = (
			);
			runOnlyForDeploymentPostprocessing = 0;
		};
		AD5E07002C0E9AC9001C8CD3 /* Resources */ = {
			isa = PBXResourcesBuildPhase;
			buildActionMask = 2147483647;
			files = (
			);
			runOnlyForDeploymentPostprocessing = 0;
		};
/* End PBXResourcesBuildPhase section */

/* Begin PBXSourcesBuildPhase section */
		AD5E06E42C0E9AC7001C8CD3 /* Sources */ = {
			isa = PBXSourcesBuildPhase;
			buildActionMask = 2147483647;
			files = (
				AD5E06EE2C0E9AC7001C8CD3 /* ContentView.swift in Sources */,
				AD5E06EC2C0E9AC7001C8CD3 /* Liftlist_App.swift in Sources */,
			);
			runOnlyForDeploymentPostprocessing = 0;
		};
		AD5E06F42C0E9AC9001C8CD3 /* Sources */ = {
			isa = PBXSourcesBuildPhase;
			buildActionMask = 2147483647;
			files = (
				AD5E06FD2C0E9AC9001C8CD3 /* Liftlist_Tests.swift in Sources */,
			);
			runOnlyForDeploymentPostprocessing = 0;
		};
		AD5E06FE2C0E9AC9001C8CD3 /* Sources */ = {
			isa = PBXSourcesBuildPhase;
			buildActionMask = 2147483647;
			files = (
				AD5E07072C0E9AC9001C8CD3 /* Liftlist_UITests.swift in Sources */,
				AD5E07092C0E9AC9001C8CD3 /* Liftlist_UITestsLaunchTests.swift in Sources */,
			);
			runOnlyForDeploymentPostprocessing = 0;
		};
/* End PBXSourcesBuildPhase section */

/* Begin PBXTargetDependency section */
		AD5E06FA2C0E9AC9001C8CD3 /* PBXTargetDependency */ = {
			isa = PBXTargetDependency;
			target = AD5E06E72C0E9AC7001C8CD3 /* Liftlist. */;
			targetProxy = AD5E06F92C0E9AC9001C8CD3 /* PBXContainerItemProxy */;
		};
		AD5E07042C0E9AC9001C8CD3 /* PBXTargetDependency */ = {
			isa = PBXTargetDependency;
			target = AD5E06E72C0E9AC7001C8CD3 /* Liftlist. */;
			targetProxy = AD5E07032C0E9AC9001C8CD3 /* PBXContainerItemProxy */;
		};
/* End PBXTargetDependency section */

/* Begin XCBuildConfiguration section */
		AD5E070A2C0E9AC9001C8CD3 /* Debug */ = {
			isa = XCBuildConfiguration;
			buildSettings = {
				ALWAYS_SEARCH_USER_PATHS = NO;
				ASSETCATALOG_COMPILER_GENERATE_SWIFT_ASSET_SYMBOL_EXTENSIONS = YES;
				CLANG_ANALYZER_NONNULL = YES;
				CLANG_ANALYZER_NUMBER_OBJECT_CONVERSION = YES_AGGRESSIVE;
				CLANG_CXX_LANGUAGE_STANDARD = "gnu++20";
				CLANG_ENABLE_MODULES = YES;
				CLANG_ENABLE_OBJC_ARC = YES;
				CLANG_ENABLE_OBJC_WEAK = YES;
				CLANG_WARN_BLOCK_CAPTURE_AUTORELEASING = YES;
				CLANG_WARN_BOOL_CONVERSION = YES;
				CLANG_WARN_COMMA = YES;
				CLANG_WARN_CONSTANT_CONVERSION = YES;
				CLANG_WARN_DEPRECATED_OBJC_IMPLEMENTATIONS = YES;
				CLANG_WARN_DIRECT_OBJC_ISA_USAGE = YES_ERROR;
				CLANG_WARN_DOCUMENTATION_COMMENTS = YES;
				CLANG_WARN_EMPTY_BODY = YES;
				CLANG_WARN_ENUM_CONVERSION = YES;
				CLANG_WARN_INFINITE_RECURSION = YES;
				CLANG_WARN_INT_CONVERSION = YES;
				CLANG_WARN_NON_LITERAL_NULL_CONVERSION = YES;
				CLANG_WARN_OBJC_IMPLICIT_RETAIN_SELF = YES;
				CLANG_WARN_OBJC_LITERAL_CONVERSION = YES;
				CLANG_WARN_OBJC_ROOT_CLASS = YES_ERROR;
				CLANG_WARN_QUOTED_INCLUDE_IN_FRAMEWORK_HEADER = YES;
				CLANG_WARN_RANGE_LOOP_ANALYSIS = YES;
				CLANG_WARN_STRICT_PROTOTYPES = YES;
				CLANG_WARN_SUSPICIOUS_MOVE = YES;
				CLANG_WARN_UNGUARDED_AVAILABILITY = YES_AGGRESSIVE;
				CLANG_WARN_UNREACHABLE_CODE = YES;
				CLANG_WARN__DUPLICATE_METHOD_MATCH = YES;
				COPY_PHASE_STRIP = NO;
				DEBUG_INFORMATION_FORMAT = dwarf;
				ENABLE_STRICT_OBJC_MSGSEND = YES;
				ENABLE_TESTABILITY = YES;
				ENABLE_USER_SCRIPT_SANDBOXING = YES;
				GCC_C_LANGUAGE_STANDARD = gnu17;
				GCC_DYNAMIC_NO_PIC = NO;
				GCC_NO_COMMON_BLOCKS = YES;
				GCC_OPTIMIZATION_LEVEL = 0;
				GCC_PREPROCESSOR_DEFINITIONS = (
					"DEBUG=1",
					"$(inherited)",
				);
				GCC_WARN_64_TO_32_BIT_CONVERSION = YES;
				GCC_WARN_ABOUT_RETURN_TYPE = YES_ERROR;
				GCC_WARN_UNDECLARED_SELECTOR = YES;
				GCC_WARN_UNINITIALIZED_AUTOS = YES_AGGRESSIVE;
				GCC_WARN_UNUSED_FUNCTION = YES;
				GCC_WARN_UNUSED_VARIABLE = YES;
				IPHONEOS_DEPLOYMENT_TARGET = 17.4;
				LOCALIZATION_PREFERS_STRING_CATALOGS = YES;
				MTL_ENABLE_DEBUG_INFO = INCLUDE_SOURCE;
				MTL_FAST_MATH = YES;
				ONLY_ACTIVE_ARCH = YES;
				SDKROOT = iphoneos;
				SWIFT_ACTIVE_COMPILATION_CONDITIONS = "DEBUG $(inherited)";
				SWIFT_OPTIMIZATION_LEVEL = "-Onone";
			};
			name = Debug;
		};
		AD5E070B2C0E9AC9001C8CD3 /* Release */ = {
			isa = XCBuildConfiguration;
			buildSettings = {
				ALWAYS_SEARCH_USER_PATHS = NO;
				ASSETCATALOG_COMPILER_GENERATE_SWIFT_ASSET_SYMBOL_EXTENSIONS = YES;
				CLANG_ANALYZER_NONNULL = YES;
				CLANG_ANALYZER_NUMBER_OBJECT_CONVERSION = YES_AGGRESSIVE;
				CLANG_CXX_LANGUAGE_STANDARD = "gnu++20";
				CLANG_ENABLE_MODULES = YES;
				CLANG_ENABLE_OBJC_ARC = YES;
				CLANG_ENABLE_OBJC_WEAK = YES;
				CLANG_WARN_BLOCK_CAPTURE_AUTORELEASING = YES;
				CLANG_WARN_BOOL_CONVERSION = YES;
				CLANG_WARN_COMMA = YES;
				CLANG_WARN_CONSTANT_CONVERSION = YES;
				CLANG_WARN_DEPRECATED_OBJC_IMPLEMENTATIONS = YES;
				CLANG_WARN_DIRECT_OBJC_ISA_USAGE = YES_ERROR;
				CLANG_WARN_DOCUMENTATION_COMMENTS = YES;
				CLANG_WARN_EMPTY_BODY = YES;
				CLANG_WARN_ENUM_CONVERSION = YES;
				CLANG_WARN_INFINITE_RECURSION = YES;
				CLANG_WARN_INT_CONVERSION = YES;
				CLANG_WARN_NON_LITERAL_NULL_CONVERSION = YES;
				CLANG_WARN_OBJC_IMPLICIT_RETAIN_SELF = YES;
				CLANG_WARN_OBJC_LITERAL_CONVERSION = YES;
				CLANG_WARN_OBJC_ROOT_CLASS = YES_ERROR;
				CLANG_WARN_QUOTED_INCLUDE_IN_FRAMEWORK_HEADER = YES;
				CLANG_WARN_RANGE_LOOP_ANALYSIS = YES;
				CLANG_WARN_STRICT_PROTOTYPES = YES;
				CLANG_WARN_SUSPICIOUS_MOVE = YES;
				CLANG_WARN_UNGUARDED_AVAILABILITY = YES_AGGRESSIVE;
				CLANG_WARN_UNREACHABLE_CODE = YES;
				CLANG_WARN__DUPLICATE_METHOD_MATCH = YES;
				COPY_PHASE_STRIP = NO;
				DEBUG_INFORMATION_FORMAT = "dwarf-with-dsym";
				ENABLE_NS_ASSERTIONS = NO;
				ENABLE_STRICT_OBJC_MSGSEND = YES;
				ENABLE_USER_SCRIPT_SANDBOXING = YES;
				GCC_C_LANGUAGE_STANDARD = gnu17;
				GCC_NO_COMMON_BLOCKS = YES;
				GCC_WARN_64_TO_32_BIT_CONVERSION = YES;
				GCC_WARN_ABOUT_RETURN_TYPE = YES_ERROR;
				GCC_WARN_UNDECLARED_SELECTOR = YES;
				GCC_WARN_UNINITIALIZED_AUTOS = YES_AGGRESSIVE;
				GCC_WARN_UNUSED_FUNCTION = YES;
				GCC_WARN_UNUSED_VARIABLE = YES;
				IPHONEOS_DEPLOYMENT_TARGET = 17.4;
				LOCALIZATION_PREFERS_STRING_CATALOGS = YES;
				MTL_ENABLE_DEBUG_INFO = NO;
				MTL_FAST_MATH = YES;
				SDKROOT = iphoneos;
				SWIFT_COMPILATION_MODE = wholemodule;
				VALIDATE_PRODUCT = YES;
			};
			name = Release;
		};
		AD5E070D2C0E9AC9001C8CD3 /* Debug */ = {
			isa = XCBuildConfiguration;
			buildSettings = {
				ASSETCATALOG_COMPILER_APPICON_NAME = AppIcon;
				ASSETCATALOG_COMPILER_GLOBAL_ACCENT_COLOR_NAME = AccentColor;
				CODE_SIGN_STYLE = Automatic;
				CURRENT_PROJECT_VERSION = 1;
				DEVELOPMENT_ASSET_PATHS = "\"Liftlist./Preview Content\"";
				DEVELOPMENT_TEAM = CWHG6V359Q;
				ENABLE_PREVIEWS = YES;
				GENERATE_INFOPLIST_FILE = YES;
				INFOPLIST_KEY_UIApplicationSceneManifest_Generation = YES;
				INFOPLIST_KEY_UIApplicationSupportsIndirectInputEvents = YES;
				INFOPLIST_KEY_UILaunchScreen_Generation = YES;
				INFOPLIST_KEY_UISupportedInterfaceOrientations_iPad = "UIInterfaceOrientationPortrait UIInterfaceOrientationPortraitUpsideDown UIInterfaceOrientationLandscapeLeft UIInterfaceOrientationLandscapeRight";
				INFOPLIST_KEY_UISupportedInterfaceOrientations_iPhone = "UIInterfaceOrientationPortrait UIInterfaceOrientationLandscapeLeft UIInterfaceOrientationLandscapeRight";
				LD_RUNPATH_SEARCH_PATHS = (
					"$(inherited)",
					"@executable_path/Frameworks",
				);
				MARKETING_VERSION = 1.0;
				PRODUCT_BUNDLE_IDENTIFIER = "LynkTech.Liftlist-";
				PRODUCT_NAME = "$(TARGET_NAME)";
				SWIFT_EMIT_LOC_STRINGS = YES;
				SWIFT_VERSION = 5.0;
				TARGETED_DEVICE_FAMILY = "1,2";
			};
			name = Debug;
		};
		AD5E070E2C0E9AC9001C8CD3 /* Release */ = {
			isa = XCBuildConfiguration;
			buildSettings = {
				ASSETCATALOG_COMPILER_APPICON_NAME = AppIcon;
				ASSETCATALOG_COMPILER_GLOBAL_ACCENT_COLOR_NAME = AccentColor;
				CODE_SIGN_STYLE = Automatic;
				CURRENT_PROJECT_VERSION = 1;
				DEVELOPMENT_ASSET_PATHS = "\"Liftlist./Preview Content\"";
				DEVELOPMENT_TEAM = CWHG6V359Q;
				ENABLE_PREVIEWS = YES;
				GENERATE_INFOPLIST_FILE = YES;
				INFOPLIST_KEY_UIApplicationSceneManifest_Generation = YES;
				INFOPLIST_KEY_UIApplicationSupportsIndirectInputEvents = YES;
				INFOPLIST_KEY_UILaunchScreen_Generation = YES;
				INFOPLIST_KEY_UISupportedInterfaceOrientations_iPad = "UIInterfaceOrientationPortrait UIInterfaceOrientationPortraitUpsideDown UIInterfaceOrientationLandscapeLeft UIInterfaceOrientationLandscapeRight";
				INFOPLIST_KEY_UISupportedInterfaceOrientations_iPhone = "UIInterfaceOrientationPortrait UIInterfaceOrientationLandscapeLeft UIInterfaceOrientationLandscapeRight";
				LD_RUNPATH_SEARCH_PATHS = (
					"$(inherited)",
					"@executable_path/Frameworks",
				);
				MARKETING_VERSION = 1.0;
				PRODUCT_BUNDLE_IDENTIFIER = "LynkTech.Liftlist-";
				PRODUCT_NAME = "$(TARGET_NAME)";
				SWIFT_EMIT_LOC_STRINGS = YES;
				SWIFT_VERSION = 5.0;
				TARGETED_DEVICE_FAMILY = "1,2";
			};
			name = Release;
		};
		AD5E07102C0E9AC9001C8CD3 /* Debug */ = {
			isa = XCBuildConfiguration;
			buildSettings = {
				ALWAYS_EMBED_SWIFT_STANDARD_LIBRARIES = YES;
				BUNDLE_LOADER = "$(TEST_HOST)";
				CODE_SIGN_STYLE = Automatic;
				CURRENT_PROJECT_VERSION = 1;
				DEVELOPMENT_TEAM = CWHG6V359Q;
				GENERATE_INFOPLIST_FILE = YES;
				IPHONEOS_DEPLOYMENT_TARGET = 17.4;
				MARKETING_VERSION = 1.0;
				PRODUCT_BUNDLE_IDENTIFIER = "LynkTech.Liftlist-Tests";
				PRODUCT_NAME = "$(TARGET_NAME)";
				SWIFT_EMIT_LOC_STRINGS = NO;
				SWIFT_VERSION = 5.0;
				TARGETED_DEVICE_FAMILY = "1,2";
				TEST_HOST = "$(BUILT_PRODUCTS_DIR)/Liftlist..app/$(BUNDLE_EXECUTABLE_FOLDER_PATH)/Liftlist.";
			};
			name = Debug;
		};
		AD5E07112C0E9AC9001C8CD3 /* Release */ = {
			isa = XCBuildConfiguration;
			buildSettings = {
				ALWAYS_EMBED_SWIFT_STANDARD_LIBRARIES = YES;
				BUNDLE_LOADER = "$(TEST_HOST)";
				CODE_SIGN_STYLE = Automatic;
				CURRENT_PROJECT_VERSION = 1;
				DEVELOPMENT_TEAM = CWHG6V359Q;
				GENERATE_INFOPLIST_FILE = YES;
				IPHONEOS_DEPLOYMENT_TARGET = 17.4;
				MARKETING_VERSION = 1.0;
				PRODUCT_BUNDLE_IDENTIFIER = "LynkTech.Liftlist-Tests";
				PRODUCT_NAME = "$(TARGET_NAME)";
				SWIFT_EMIT_LOC_STRINGS = NO;
				SWIFT_VERSION = 5.0;
				TARGETED_DEVICE_FAMILY = "1,2";
				TEST_HOST = "$(BUILT_PRODUCTS_DIR)/Liftlist..app/$(BUNDLE_EXECUTABLE_FOLDER_PATH)/Liftlist.";
			};
			name = Release;
		};
		AD5E07132C0E9AC9001C8CD3 /* Debug */ = {
			isa = XCBuildConfiguration;
			buildSettings = {
				ALWAYS_EMBED_SWIFT_STANDARD_LIBRARIES = YES;
				CODE_SIGN_STYLE = Automatic;
				CURRENT_PROJECT_VERSION = 1;
				DEVELOPMENT_TEAM = CWHG6V359Q;
				GENERATE_INFOPLIST_FILE = YES;
				MARKETING_VERSION = 1.0;
				PRODUCT_BUNDLE_IDENTIFIER = "LynkTech.Liftlist-UITests";
				PRODUCT_NAME = "$(TARGET_NAME)";
				SWIFT_EMIT_LOC_STRINGS = NO;
				SWIFT_VERSION = 5.0;
				TARGETED_DEVICE_FAMILY = "1,2";
				TEST_TARGET_NAME = Liftlist.;
			};
			name = Debug;
		};
		AD5E07142C0E9AC9001C8CD3 /* Release */ = {
			isa = XCBuildConfiguration;
			buildSettings = {
				ALWAYS_EMBED_SWIFT_STANDARD_LIBRARIES = YES;
				CODE_SIGN_STYLE = Automatic;
				CURRENT_PROJECT_VERSION = 1;
				DEVELOPMENT_TEAM = CWHG6V359Q;
				GENERATE_INFOPLIST_FILE = YES;
				MARKETING_VERSION = 1.0;
				PRODUCT_BUNDLE_IDENTIFIER = "LynkTech.Liftlist-UITests";
				PRODUCT_NAME = "$(TARGET_NAME)";
				SWIFT_EMIT_LOC_STRINGS = NO;
				SWIFT_VERSION = 5.0;
				TARGETED_DEVICE_FAMILY = "1,2";
				TEST_TARGET_NAME = Liftlist.;
			};
			name = Release;
		};
/* End XCBuildConfiguration section */

/* Begin XCConfigurationList section */
		AD5E06E32C0E9AC7001C8CD3 /* Build configuration list for PBXProject "Liftlist." */ = {
			isa = XCConfigurationList;
			buildConfigurations = (
				AD5E070A2C0E9AC9001C8CD3 /* Debug */,
				AD5E070B2C0E9AC9001C8CD3 /* Release */,
			);
			defaultConfigurationIsVisible = 0;
			defaultConfigurationName = Release;
		};
		AD5E070C2C0E9AC9001C8CD3 /* Build configuration list for PBXNativeTarget "Liftlist." */ = {
			isa = XCConfigurationList;
			buildConfigurations = (
				AD5E070D2C0E9AC9001C8CD3 /* Debug */,
				AD5E070E2C0E9AC9001C8CD3 /* Release */,
			);
			defaultConfigurationIsVisible = 0;
			defaultConfigurationName = Release;
		};
		AD5E070F2C0E9AC9001C8CD3 /* Build configuration list for PBXNativeTarget "Liftlist.Tests" */ = {
			isa = XCConfigurationList;
			buildConfigurations = (
				AD5E07102C0E9AC9001C8CD3 /* Debug */,
				AD5E07112C0E9AC9001C8CD3 /* Release */,
			);
			defaultConfigurationIsVisible = 0;
			defaultConfigurationName = Release;
		};
		AD5E07122C0E9AC9001C8CD3 /* Build configuration list for PBXNativeTarget "Liftlist.UITests" */ = {
			isa = XCConfigurationList;
			buildConfigurations = (
				AD5E07132C0E9AC9001C8CD3 /* Debug */,
				AD5E07142C0E9AC9001C8CD3 /* Release */,
			);
			defaultConfigurationIsVisible = 0;
			defaultConfigurationName = Release;
		};
/* End XCConfigurationList section */
	};
	rootObject = AD5E06E02C0E9AC7001C8CD3 /* Project object */;
}
